
Microsoft Visual Studio Solution File, Format Version 12.00
# Visual Studio Version 17
VisualStudioVersion = 17.4.33213.308
MinimumVisualStudioVersion = 10.0.40219.1
Project("{9A19103F-16F7-4668-BE54-9A1E7A4F7556}") = "Chat.Domain", "Chat.Domain\Chat.Domain.csproj", "{5D1FA7B8-1A75-4286-9BB6-371C883B63CC}"
EndProject
Project("{9A19103F-16F7-4668-BE54-9A1E7A4F7556}") = "Chat.Infrastructure", "Chat.Infrastructure\Chat.Infrastructure.csproj", "{E1DF1465-754D-4A7D-8862-9F20CA9DEE70}"
EndProject
Project("{9A19103F-16F7-4668-BE54-9A1E7A4F7556}") = "Chat.API", "Chat.API\Chat.API.csproj", "{A3643712-EFE9-4134-935C-A53FED5DE4F6}"
EndProject
Project("{E53339B2-1760-4266-BCC7-CA923CBCF16C}") = "docker-compose", "docker-compose.dcproj", "{E6FD1B92-B73F-4F56-8CF7-49B79D2FCA37}"
EndProject
Project("{9A19103F-16F7-4668-BE54-9A1E7A4F7556}") = "BlazorChat.Client", "BlazorChat\Client\BlazorChat.Client.csproj", "{C65C21F9-94EF-4A0C-B2F2-7E27A9171F6D}"
EndProject
Project("{9A19103F-16F7-4668-BE54-9A1E7A4F7556}") = "BlazorChat.Shared", "BlazorChat\Shared\BlazorChat.Shared.csproj", "{6F51D23F-E2A8-47B6-9CF3-DC25059D4CEA}"
EndProject
Global
	GlobalSection(SolutionConfigurationPlatforms) = preSolution
		Debug|Any CPU = Debug|Any CPU
		Release|Any CPU = Release|Any CPU
	EndGlobalSection
	GlobalSection(ProjectConfigurationPlatforms) = postSolution
		{5D1FA7B8-1A75-4286-9BB6-371C883B63CC}.Debug|Any CPU.ActiveCfg = Debug|Any CPU
		{5D1FA7B8-1A75-4286-9BB6-371C883B63CC}.Debug|Any CPU.Build.0 = Debug|Any CPU
		{5D1FA7B8-1A75-4286-9BB6-371C883B63CC}.Release|Any CPU.ActiveCfg = Release|Any CPU
		{5D1FA7B8-1A75-4286-9BB6-371C883B63CC}.Release|Any CPU.Build.0 = Release|Any CPU
		{E1DF1465-754D-4A7D-8862-9F20CA9DEE70}.Debug|Any CPU.ActiveCfg = Debug|Any CPU
		{E1DF1465-754D-4A7D-8862-9F20CA9DEE70}.Debug|Any CPU.Build.0 = Debug|Any CPU
		{E1DF1465-754D-4A7D-8862-9F20CA9DEE70}.Release|Any CPU.ActiveCfg = Release|Any CPU
		{E1DF1465-754D-4A7D-8862-9F20CA9DEE70}.Release|Any CPU.Build.0 = Release|Any CPU
		{A3643712-EFE9-4134-935C-A53FED5DE4F6}.Debug|Any CPU.ActiveCfg = Debug|Any CPU
		{A3643712-EFE9-4134-935C-A53FED5DE4F6}.Debug|Any CPU.Build.0 = Debug|Any CPU
		{A3643712-EFE9-4134-935C-A53FED5DE4F6}.Release|Any CPU.ActiveCfg = Release|Any CPU
		{A3643712-EFE9-4134-935C-A53FED5DE4F6}.Release|Any CPU.Build.0 = Release|Any CPU
		{E6FD1B92-B73F-4F56-8CF7-49B79D2FCA37}.Debug|Any CPU.ActiveCfg = Debug|Any CPU
		{E6FD1B92-B73F-4F56-8CF7-49B79D2FCA37}.Debug|Any CPU.Build.0 = Debug|Any CPU
		{E6FD1B92-B73F-4F56-8CF7-49B79D2FCA37}.Release|Any CPU.ActiveCfg = Release|Any CPU
		{E6FD1B92-B73F-4F56-8CF7-49B79D2FCA37}.Release|Any CPU.Build.0 = Release|Any CPU
		{C65C21F9-94EF-4A0C-B2F2-7E27A9171F6D}.Debug|Any CPU.ActiveCfg = Debug|Any CPU
		{C65C21F9-94EF-4A0C-B2F2-7E27A9171F6D}.Debug|Any CPU.Build.0 = Debug|Any CPU
		{C65C21F9-94EF-4A0C-B2F2-7E27A9171F6D}.Release|Any CPU.ActiveCfg = Release|Any CPU
		{C65C21F9-94EF-4A0C-B2F2-7E27A9171F6D}.Release|Any CPU.Build.0 = Release|Any CPU
		{6F51D23F-E2A8-47B6-9CF3-DC25059D4CEA}.Debug|Any CPU.ActiveCfg = Debug|Any CPU
		{6F51D23F-E2A8-47B6-9CF3-DC25059D4CEA}.Debug|Any CPU.Build.0 = Debug|Any CPU
		{6F51D23F-E2A8-47B6-9CF3-DC25059D4CEA}.Release|Any CPU.ActiveCfg = Release|Any CPU
		{6F51D23F-E2A8-47B6-9CF3-DC25059D4CEA}.Release|Any CPU.Build.0 = Release|Any CPU
	EndGlobalSection
	GlobalSection(SolutionProperties) = preSolution
		HideSolutionNode = FALSE
	EndGlobalSection
	GlobalSection(ExtensibilityGlobals) = postSolution
		SolutionGuid = {069DF74F-6DD5-4EA6-9345-F8F012E598B3}
	EndGlobalSection
EndGlobal
